
Microsoft Visual Studio Solution File, Format Version 12.00
# Visual Studio 15
VisualStudioVersion = 15.0.28307.136
MinimumVisualStudioVersion = 10.0.40219.1
Project("{FAE04EC0-301F-11D3-BF4B-00C04F79EFBC}") = "GameEngine", "Game\GameEngine.csproj", "{59069297-1B21-4B48-9D0A-848CB57658A2}"
EndProject
Project("{9A19103F-16F7-4668-BE54-9A1E7A4F7556}") = "GameEngine.Tests", "GameEngine.Tests\GameEngine.Tests.csproj", "{F769A065-4EAE-49C5-A60E-A22D04F1D778}"
EndProject
Project("{FAE04EC0-301F-11D3-BF4B-00C04F79EFBC}") = "TestConsole", "TestConsole\TestConsole.csproj", "{A8CF33AE-99D9-406C-9E50-7B51AB10D1D8}"
EndProject
Global
	GlobalSection(SolutionConfigurationPlatforms) = preSolution
		Debug|Any CPU = Debug|Any CPU
		Release|Any CPU = Release|Any CPU
	EndGlobalSection
	GlobalSection(ProjectConfigurationPlatforms) = postSolution
		{59069297-1B21-4B48-9D0A-848CB57658A2}.Debug|Any CPU.ActiveCfg = Debug|Any CPU
		{59069297-1B21-4B48-9D0A-848CB57658A2}.Debug|Any CPU.Build.0 = Debug|Any CPU
		{59069297-1B21-4B48-9D0A-848CB57658A2}.Release|Any CPU.ActiveCfg = Release|Any CPU
		{59069297-1B21-4B48-9D0A-848CB57658A2}.Release|Any CPU.Build.0 = Release|Any CPU
		{F769A065-4EAE-49C5-A60E-A22D04F1D778}.Debug|Any CPU.ActiveCfg = Debug|Any CPU
		{F769A065-4EAE-49C5-A60E-A22D04F1D778}.Debug|Any CPU.Build.0 = Debug|Any CPU
		{F769A065-4EAE-49C5-A60E-A22D04F1D778}.Release|Any CPU.ActiveCfg = Release|Any CPU
		{F769A065-4EAE-49C5-A60E-A22D04F1D778}.Release|Any CPU.Build.0 = Release|Any CPU
		{A8CF33AE-99D9-406C-9E50-7B51AB10D1D8}.Debug|Any CPU.ActiveCfg = Debug|Any CPU
		{A8CF33AE-99D9-406C-9E50-7B51AB10D1D8}.Debug|Any CPU.Build.0 = Debug|Any CPU
		{A8CF33AE-99D9-406C-9E50-7B51AB10D1D8}.Release|Any CPU.ActiveCfg = Release|Any CPU
		{A8CF33AE-99D9-406C-9E50-7B51AB10D1D8}.Release|Any CPU.Build.0 = Release|Any CPU
	EndGlobalSection
	GlobalSection(SolutionProperties) = preSolution
		HideSolutionNode = FALSE
	EndGlobalSection
	GlobalSection(ExtensibilityGlobals) = postSolution
		SolutionGuid = {A26F11A7-7F87-4C6A-8149-27BFF124E264}
	EndGlobalSection
EndGlobal
